
Microsoft Visual Studio Solution File, Format Version 12.00
# Visual Studio Version 17
VisualStudioVersion = 17.14.36616.10 d17.14
MinimumVisualStudioVersion = 10.0.40219.1
Project("{FAE04EC0-301F-11D3-BF4B-00C04F79EFBC}") = "FunctionsExample", "FunctionsExample.csproj", "{A2149C6F-7AC6-4F4F-8EAD-BE8D029005EC}"
EndProject
Global
	GlobalSection(SolutionConfigurationPlatforms) = preSolution
		Debug|Any CPU = Debug|Any CPU
		Release|Any CPU = Release|Any CPU
	EndGlobalSection
	GlobalSection(ProjectConfigurationPlatforms) = postSolution
		{A2149C6F-7AC6-4F4F-8EAD-BE8D029005EC}.Debug|Any CPU.ActiveCfg = Debug|Any CPU
		{A2149C6F-7AC6-4F4F-8EAD-BE8D029005EC}.Debug|Any CPU.Build.0 = Debug|Any CPU
		{A2149C6F-7AC6-4F4F-8EAD-BE8D029005EC}.Release|Any CPU.ActiveCfg = Release|Any CPU
		{A2149C6F-7AC6-4F4F-8EAD-BE8D029005EC}.Release|Any CPU.Build.0 = Release|Any CPU
	EndGlobalSection
	GlobalSection(SolutionProperties) = preSolution
		HideSolutionNode = FALSE
	EndGlobalSection
	GlobalSection(ExtensibilityGlobals) = postSolution
		SolutionGuid = {40721EE7-94A5-411F-8E09-A6A3D78BA2A1}
	EndGlobalSection
EndGlobal
