
Microsoft Visual Studio Solution File, Format Version 12.00
# Visual Studio Version 17
VisualStudioVersion = 17.14.36616.10
MinimumVisualStudioVersion = 10.0.40219.1
Project("{FAE04EC0-301F-11D3-BF4B-00C04F79EFBC}") = "Properties", "Properties.csproj", "{72BA70DE-2093-4CEF-ABC9-1806617E377C}"
EndProject
Project("{FAE04EC0-301F-11D3-BF4B-00C04F79EFBC}") = "AutoProperty", "..\AutoProperty\AutoProperty.csproj", "{C94C15A4-DA3E-4D06-B5FC-AF845C7A5414}"
EndProject
Project("{FAE04EC0-301F-11D3-BF4B-00C04F79EFBC}") = "Day6_IndexerDemo", "..\Day6_IndexerDemo\Day6_IndexerDemo.csproj", "{BEDD98C1-56DA-4724-96C4-621F47DCE792}"
EndProject
Project("{FAE04EC0-301F-11D3-BF4B-00C04F79EFBC}") = "MultiLevelInheritance_demo", "..\MultiLevelInheritance_demo\MultiLevelInheritance_demo.csproj", "{CE266923-6478-4265-BA19-D60F49215ACB}"
EndProject
Project("{FAE04EC0-301F-11D3-BF4B-00C04F79EFBC}") = "MultipleInheritance_Demo", "..\MultipleInheritance_Demo\MultipleInheritance_Demo.csproj", "{5F9DBA60-F678-4C9E-933B-4DC44FFCB0E7}"
EndProject
Project("{FAE04EC0-301F-11D3-BF4B-00C04F79EFBC}") = "SmartPaymentGateway", "..\SmartPaymentGateway\SmartPaymentGateway.csproj", "{26B1A2AE-1A88-4396-8741-FFF795449B59}"
EndProject
Project("{FAE04EC0-301F-11D3-BF4B-00C04F79EFBC}") = "Day7", "..\Day7\Day7.csproj", "{890BA643-9094-4E01-9C37-E8E4DF142644}"
EndProject
Project("{FAE04EC0-301F-11D3-BF4B-00C04F79EFBC}") = "SmartPaymentGateway_InterfaceDemo", "..\SmartPaymentGateway_InterfaceDemo\SmartPaymentGateway_InterfaceDemo.csproj", "{D4BEC2BD-C378-4A97-AA3A-61A4E9E4353D}"
EndProject
Project("{FAE04EC0-301F-11D3-BF4B-00C04F79EFBC}") = "AbstractClass_Demo", "..\AbstractClass_Demo\AbstractClass_Demo.csproj", "{F16C8503-3B95-425D-9072-45B5B27A70FE}"
EndProject
Project("{FAE04EC0-301F-11D3-BF4B-00C04F79EFBC}") = "Modular_E-Commerce_Order_Fulfillment_Platform", "..\Modular_E-Commerce_Order_Fulfillment_Platform\Modular_E-Commerce_Order_Fulfillment_Platform.csproj", "{507F2DF6-972C-4A87-B7B5-BA9E2B64283D}"
EndProject
Project("{FAE04EC0-301F-11D3-BF4B-00C04F79EFBC}") = "Polymorphism_Demo", "..\Polymorphism_Demo\Polymorphism_Demo.csproj", "{D33948F9-472C-4143-B188-6A15C91EBF48}"
EndProject
Project("{FAE04EC0-301F-11D3-BF4B-00C04F79EFBC}") = "FunctionOrMethod_Overriding", "..\FunctionOrMethod_Overriding\FunctionOrMethod_Overriding.csproj", "{CFA41067-E0F3-43C0-9446-C9E4AB62012C}"
EndProject
Project("{FAE04EC0-301F-11D3-BF4B-00C04F79EFBC}") = "SealedMethod_Demo", "..\SealedMethod_Demo\SealedMethod_Demo.csproj", "{60CEB36C-3197-4698-93A0-D467C7D0EA0B}"
EndProject
Project("{FAE04EC0-301F-11D3-BF4B-00C04F79EFBC}") = "Interest_Calculator", "..\Interest_Calculator\Interest_Calculator.csproj", "{AC9B94B0-1F9B-4670-BE5E-CDEF76F40B7A}"
EndProject
Project("{FAE04EC0-301F-11D3-BF4B-00C04F79EFBC}") = "OnlineStore_Checkout", "..\OnlineStore_Checkout\OnlineStore_Checkout.csproj", "{63C46D9A-264C-4506-A35F-3C76C6FD6537}"
EndProject
Project("{FAE04EC0-301F-11D3-BF4B-00C04F79EFBC}") = "LogOverloadingExample", "..\LogOverloadingExample\LogOverloadingExample.csproj", "{11EB4270-283E-49F7-A799-398757AC567A}"
EndProject
Project("{FAE04EC0-301F-11D3-BF4B-00C04F79EFBC}") = "CourierApp", "..\CourierApp\CourierApp.csproj", "{F39C92E2-5F19-4C89-8BA5-ED197C753D4E}"
EndProject
Project("{FAE04EC0-301F-11D3-BF4B-00C04F79EFBC}") = "IndexerOverloadingDemo", "..\IndexerOverloadingDemo\IndexerOverloadingDemo.csproj", "{A8AEA466-2667-473F-8399-85F5A4256D78}"
EndProject
Project("{FAE04EC0-301F-11D3-BF4B-00C04F79EFBC}") = "MiniBankingSystem", "..\MiniBankingSystem\MiniBankingSystem.csproj", "{B3DF1821-807D-400B-9F14-8D699ED99FDF}"
EndProject
Project("{FAE04EC0-301F-11D3-BF4B-00C04F79EFBC}") = "CollectionsDemo", "..\CollectionsDemo\CollectionsDemo.csproj", "{24E0BF93-2537-4FFC-BA43-EDED12D24C37}"
EndProject
Global
	GlobalSection(SolutionConfigurationPlatforms) = preSolution
		Debug|Any CPU = Debug|Any CPU
		Release|Any CPU = Release|Any CPU
	EndGlobalSection
	GlobalSection(ProjectConfigurationPlatforms) = postSolution
		{72BA70DE-2093-4CEF-ABC9-1806617E377C}.Debug|Any CPU.ActiveCfg = Debug|Any CPU
		{72BA70DE-2093-4CEF-ABC9-1806617E377C}.Debug|Any CPU.Build.0 = Debug|Any CPU
		{72BA70DE-2093-4CEF-ABC9-1806617E377C}.Release|Any CPU.ActiveCfg = Release|Any CPU
		{72BA70DE-2093-4CEF-ABC9-1806617E377C}.Release|Any CPU.Build.0 = Release|Any CPU
		{C94C15A4-DA3E-4D06-B5FC-AF845C7A5414}.Debug|Any CPU.ActiveCfg = Debug|Any CPU
		{C94C15A4-DA3E-4D06-B5FC-AF845C7A5414}.Debug|Any CPU.Build.0 = Debug|Any CPU
		{C94C15A4-DA3E-4D06-B5FC-AF845C7A5414}.Release|Any CPU.ActiveCfg = Release|Any CPU
		{C94C15A4-DA3E-4D06-B5FC-AF845C7A5414}.Release|Any CPU.Build.0 = Release|Any CPU
		{BEDD98C1-56DA-4724-96C4-621F47DCE792}.Debug|Any CPU.ActiveCfg = Debug|Any CPU
		{BEDD98C1-56DA-4724-96C4-621F47DCE792}.Debug|Any CPU.Build.0 = Debug|Any CPU
		{BEDD98C1-56DA-4724-96C4-621F47DCE792}.Release|Any CPU.ActiveCfg = Release|Any CPU
		{BEDD98C1-56DA-4724-96C4-621F47DCE792}.Release|Any CPU.Build.0 = Release|Any CPU
		{CE266923-6478-4265-BA19-D60F49215ACB}.Debug|Any CPU.ActiveCfg = Debug|Any CPU
		{CE266923-6478-4265-BA19-D60F49215ACB}.Debug|Any CPU.Build.0 = Debug|Any CPU
		{CE266923-6478-4265-BA19-D60F49215ACB}.Release|Any CPU.ActiveCfg = Release|Any CPU
		{CE266923-6478-4265-BA19-D60F49215ACB}.Release|Any CPU.Build.0 = Release|Any CPU
		{5F9DBA60-F678-4C9E-933B-4DC44FFCB0E7}.Debug|Any CPU.ActiveCfg = Debug|Any CPU
		{5F9DBA60-F678-4C9E-933B-4DC44FFCB0E7}.Debug|Any CPU.Build.0 = Debug|Any CPU
		{5F9DBA60-F678-4C9E-933B-4DC44FFCB0E7}.Release|Any CPU.ActiveCfg = Release|Any CPU
		{5F9DBA60-F678-4C9E-933B-4DC44FFCB0E7}.Release|Any CPU.Build.0 = Release|Any CPU
		{26B1A2AE-1A88-4396-8741-FFF795449B59}.Debug|Any CPU.ActiveCfg = Debug|Any CPU
		{26B1A2AE-1A88-4396-8741-FFF795449B59}.Debug|Any CPU.Build.0 = Debug|Any CPU
		{26B1A2AE-1A88-4396-8741-FFF795449B59}.Release|Any CPU.ActiveCfg = Release|Any CPU
		{26B1A2AE-1A88-4396-8741-FFF795449B59}.Release|Any CPU.Build.0 = Release|Any CPU
		{890BA643-9094-4E01-9C37-E8E4DF142644}.Debug|Any CPU.ActiveCfg = Debug|Any CPU
		{890BA643-9094-4E01-9C37-E8E4DF142644}.Debug|Any CPU.Build.0 = Debug|Any CPU
		{890BA643-9094-4E01-9C37-E8E4DF142644}.Release|Any CPU.ActiveCfg = Release|Any CPU
		{890BA643-9094-4E01-9C37-E8E4DF142644}.Release|Any CPU.Build.0 = Release|Any CPU
		{D4BEC2BD-C378-4A97-AA3A-61A4E9E4353D}.Debug|Any CPU.ActiveCfg = Debug|Any CPU
		{D4BEC2BD-C378-4A97-AA3A-61A4E9E4353D}.Debug|Any CPU.Build.0 = Debug|Any CPU
		{D4BEC2BD-C378-4A97-AA3A-61A4E9E4353D}.Release|Any CPU.ActiveCfg = Release|Any CPU
		{D4BEC2BD-C378-4A97-AA3A-61A4E9E4353D}.Release|Any CPU.Build.0 = Release|Any CPU
		{F16C8503-3B95-425D-9072-45B5B27A70FE}.Debug|Any CPU.ActiveCfg = Debug|Any CPU
		{F16C8503-3B95-425D-9072-45B5B27A70FE}.Debug|Any CPU.Build.0 = Debug|Any CPU
		{F16C8503-3B95-425D-9072-45B5B27A70FE}.Release|Any CPU.ActiveCfg = Release|Any CPU
		{F16C8503-3B95-425D-9072-45B5B27A70FE}.Release|Any CPU.Build.0 = Release|Any CPU
		{507F2DF6-972C-4A87-B7B5-BA9E2B64283D}.Debug|Any CPU.ActiveCfg = Debug|Any CPU
		{507F2DF6-972C-4A87-B7B5-BA9E2B64283D}.Debug|Any CPU.Build.0 = Debug|Any CPU
		{507F2DF6-972C-4A87-B7B5-BA9E2B64283D}.Release|Any CPU.ActiveCfg = Release|Any CPU
		{507F2DF6-972C-4A87-B7B5-BA9E2B64283D}.Release|Any CPU.Build.0 = Release|Any CPU
		{D33948F9-472C-4143-B188-6A15C91EBF48}.Debug|Any CPU.ActiveCfg = Debug|Any CPU
		{D33948F9-472C-4143-B188-6A15C91EBF48}.Debug|Any CPU.Build.0 = Debug|Any CPU
		{D33948F9-472C-4143-B188-6A15C91EBF48}.Release|Any CPU.ActiveCfg = Release|Any CPU
		{D33948F9-472C-4143-B188-6A15C91EBF48}.Release|Any CPU.Build.0 = Release|Any CPU
		{CFA41067-E0F3-43C0-9446-C9E4AB62012C}.Debug|Any CPU.ActiveCfg = Debug|Any CPU
		{CFA41067-E0F3-43C0-9446-C9E4AB62012C}.Debug|Any CPU.Build.0 = Debug|Any CPU
		{CFA41067-E0F3-43C0-9446-C9E4AB62012C}.Release|Any CPU.ActiveCfg = Release|Any CPU
		{CFA41067-E0F3-43C0-9446-C9E4AB62012C}.Release|Any CPU.Build.0 = Release|Any CPU
		{60CEB36C-3197-4698-93A0-D467C7D0EA0B}.Debug|Any CPU.ActiveCfg = Debug|Any CPU
		{60CEB36C-3197-4698-93A0-D467C7D0EA0B}.Debug|Any CPU.Build.0 = Debug|Any CPU
		{60CEB36C-3197-4698-93A0-D467C7D0EA0B}.Release|Any CPU.ActiveCfg = Release|Any CPU
		{60CEB36C-3197-4698-93A0-D467C7D0EA0B}.Release|Any CPU.Build.0 = Release|Any CPU
		{AC9B94B0-1F9B-4670-BE5E-CDEF76F40B7A}.Debug|Any CPU.ActiveCfg = Debug|Any CPU
		{AC9B94B0-1F9B-4670-BE5E-CDEF76F40B7A}.Debug|Any CPU.Build.0 = Debug|Any CPU
		{AC9B94B0-1F9B-4670-BE5E-CDEF76F40B7A}.Release|Any CPU.ActiveCfg = Release|Any CPU
		{AC9B94B0-1F9B-4670-BE5E-CDEF76F40B7A}.Release|Any CPU.Build.0 = Release|Any CPU
		{63C46D9A-264C-4506-A35F-3C76C6FD6537}.Debug|Any CPU.ActiveCfg = Debug|Any CPU
		{63C46D9A-264C-4506-A35F-3C76C6FD6537}.Debug|Any CPU.Build.0 = Debug|Any CPU
		{63C46D9A-264C-4506-A35F-3C76C6FD6537}.Release|Any CPU.ActiveCfg = Release|Any CPU
		{63C46D9A-264C-4506-A35F-3C76C6FD6537}.Release|Any CPU.Build.0 = Release|Any CPU
		{11EB4270-283E-49F7-A799-398757AC567A}.Debug|Any CPU.ActiveCfg = Debug|Any CPU
		{11EB4270-283E-49F7-A799-398757AC567A}.Debug|Any CPU.Build.0 = Debug|Any CPU
		{11EB4270-283E-49F7-A799-398757AC567A}.Release|Any CPU.ActiveCfg = Release|Any CPU
		{11EB4270-283E-49F7-A799-398757AC567A}.Release|Any CPU.Build.0 = Release|Any CPU
		{F39C92E2-5F19-4C89-8BA5-ED197C753D4E}.Debug|Any CPU.ActiveCfg = Debug|Any CPU
		{F39C92E2-5F19-4C89-8BA5-ED197C753D4E}.Debug|Any CPU.Build.0 = Debug|Any CPU
		{F39C92E2-5F19-4C89-8BA5-ED197C753D4E}.Release|Any CPU.ActiveCfg = Release|Any CPU
		{F39C92E2-5F19-4C89-8BA5-ED197C753D4E}.Release|Any CPU.Build.0 = Release|Any CPU
		{A8AEA466-2667-473F-8399-85F5A4256D78}.Debug|Any CPU.ActiveCfg = Debug|Any CPU
		{A8AEA466-2667-473F-8399-85F5A4256D78}.Debug|Any CPU.Build.0 = Debug|Any CPU
		{A8AEA466-2667-473F-8399-85F5A4256D78}.Release|Any CPU.ActiveCfg = Release|Any CPU
		{A8AEA466-2667-473F-8399-85F5A4256D78}.Release|Any CPU.Build.0 = Release|Any CPU
		{B3DF1821-807D-400B-9F14-8D699ED99FDF}.Debug|Any CPU.ActiveCfg = Debug|Any CPU
		{B3DF1821-807D-400B-9F14-8D699ED99FDF}.Debug|Any CPU.Build.0 = Debug|Any CPU
		{B3DF1821-807D-400B-9F14-8D699ED99FDF}.Release|Any CPU.ActiveCfg = Release|Any CPU
		{B3DF1821-807D-400B-9F14-8D699ED99FDF}.Release|Any CPU.Build.0 = Release|Any CPU
		{24E0BF93-2537-4FFC-BA43-EDED12D24C37}.Debug|Any CPU.ActiveCfg = Debug|Any CPU
		{24E0BF93-2537-4FFC-BA43-EDED12D24C37}.Debug|Any CPU.Build.0 = Debug|Any CPU
		{24E0BF93-2537-4FFC-BA43-EDED12D24C37}.Release|Any CPU.ActiveCfg = Release|Any CPU
		{24E0BF93-2537-4FFC-BA43-EDED12D24C37}.Release|Any CPU.Build.0 = Release|Any CPU
	EndGlobalSection
	GlobalSection(SolutionProperties) = preSolution
		HideSolutionNode = FALSE
	EndGlobalSection
	GlobalSection(ExtensibilityGlobals) = postSolution
		SolutionGuid = {CC6D2E97-D8AE-4924-831D-5FC1BC74BB48}
	EndGlobalSection
EndGlobal
